
Microsoft Visual Studio Solution File, Format Version 12.00
# Visual Studio Version 17
VisualStudioVersion = 17.1.32210.238
MinimumVisualStudioVersion = 10.0.40219.1
Project("{FAE04EC0-301F-11D3-BF4B-00C04F79EFBC}") = "TiendaOnline.Common", "TiendaOnline.Common\TiendaOnline.Common.csproj", "{58D14BAA-40DD-4ED6-9417-8F4878B3DAF8}"
EndProject
Project("{FAE04EC0-301F-11D3-BF4B-00C04F79EFBC}") = "TiendaOnline.Web", "TiendaOnline.Web\TiendaOnline.Web.csproj", "{43762B53-049F-4549-926A-FC082D5660A6}"
EndProject
Global
	GlobalSection(SolutionConfigurationPlatforms) = preSolution
		Debug|Any CPU = Debug|Any CPU
		Release|Any CPU = Release|Any CPU
	EndGlobalSection
	GlobalSection(ProjectConfigurationPlatforms) = postSolution
		{58D14BAA-40DD-4ED6-9417-8F4878B3DAF8}.Debug|Any CPU.ActiveCfg = Debug|Any CPU
		{58D14BAA-40DD-4ED6-9417-8F4878B3DAF8}.Debug|Any CPU.Build.0 = Debug|Any CPU
		{58D14BAA-40DD-4ED6-9417-8F4878B3DAF8}.Release|Any CPU.ActiveCfg = Release|Any CPU
		{58D14BAA-40DD-4ED6-9417-8F4878B3DAF8}.Release|Any CPU.Build.0 = Release|Any CPU
		{43762B53-049F-4549-926A-FC082D5660A6}.Debug|Any CPU.ActiveCfg = Debug|Any CPU
		{43762B53-049F-4549-926A-FC082D5660A6}.Debug|Any CPU.Build.0 = Debug|Any CPU
		{43762B53-049F-4549-926A-FC082D5660A6}.Release|Any CPU.ActiveCfg = Release|Any CPU
		{43762B53-049F-4549-926A-FC082D5660A6}.Release|Any CPU.Build.0 = Release|Any CPU
	EndGlobalSection
	GlobalSection(SolutionProperties) = preSolution
		HideSolutionNode = FALSE
	EndGlobalSection
	GlobalSection(ExtensibilityGlobals) = postSolution
		SolutionGuid = {1EE33200-056B-4405-9CF4-DE4A5D208EE4}
	EndGlobalSection
EndGlobal
